
Microsoft Visual Studio Solution File, Format Version 12.00
# Visual Studio Version 17
VisualStudioVersion = 17.4.33103.184
MinimumVisualStudioVersion = 10.0.40219.1
Project("{9A19103F-16F7-4668-BE54-9A1E7A4F7556}") = "hello", "hello\hello.csproj", "{99D1A9D3-C19C-4E7B-9A10-06B1AA790EAB}"
EndProject
Project("{9A19103F-16F7-4668-BE54-9A1E7A4F7556}") = "nums1_10", "nums1_10\nums1_10.csproj", "{7B4A26C0-2F24-48AE-830F-A2D628E3EE54}"
EndProject
Project("{9A19103F-16F7-4668-BE54-9A1E7A4F7556}") = "rectangleArea", "rectangleArea\rectangleArea.csproj", "{617A7686-AF6A-4E62-8E89-DAD6D4EEDF27}"
EndProject
Project("{9A19103F-16F7-4668-BE54-9A1E7A4F7556}") = "inchesToCentimeters", "inchesToCentimeters\inchesToCentimeters.csproj", "{92427F45-7067-427A-976D-47495FF5F07B}"
EndProject
Project("{9A19103F-16F7-4668-BE54-9A1E7A4F7556}") = "greetingByNamee", "greetingByNamee\greetingByNamee.csproj", "{625B8682-560C-403E-A433-502B73B65681}"
EndProject
Project("{9A19103F-16F7-4668-BE54-9A1E7A4F7556}") = "concatenateData", "concatenateData\concatenateData.csproj", "{92402C46-A7F0-41B4-A73D-1DBB6745864E}"
EndProject
Project("{9A19103F-16F7-4668-BE54-9A1E7A4F7556}") = "projectsCreation", "projectsCreation\projectsCreation.csproj", "{D1521BD4-2DF3-4F2D-854D-880A8162DE56}"
EndProject
Project("{9A19103F-16F7-4668-BE54-9A1E7A4F7556}") = "petShop", "petShop\petShop.csproj", "{2F5D1D75-5C32-44A6-A715-25D6535B163C}"
EndProject
Project("{9A19103F-16F7-4668-BE54-9A1E7A4F7556}") = "yardGreening", "yardGreening\yardGreening.csproj", "{6D2D1615-987B-4B90-842A-EC92763FAFE0}"
EndProject
Project("{9A19103F-16F7-4668-BE54-9A1E7A4F7556}") = "usdToBgn", "usdToBgn\usdToBgn.csproj", "{11B817AB-6F65-45C2-A8F1-1999084135A5}"
EndProject
Project("{9A19103F-16F7-4668-BE54-9A1E7A4F7556}") = "radiansToDegrees", "radiansToDegrees\radiansToDegrees.csproj", "{1E26F677-07E1-4BDB-B819-18813B7612C8}"
EndProject
Project("{FAE04EC0-301F-11D3-BF4B-00C04F79EFBC}") = "depositCalculator", "depositCalculator\depositCalculator.csproj", "{8AFED2F4-8173-4969-A004-9F5B195A27DD}"
EndProject
Project("{FAE04EC0-301F-11D3-BF4B-00C04F79EFBC}") = "vacationBooksList", "vacationBooksList\vacationBooksList.csproj", "{C0F4ED5E-8FF5-4A55-A3BF-D05766EF5DF4}"
EndProject
Project("{FAE04EC0-301F-11D3-BF4B-00C04F79EFBC}") = "suppliesForSchool", "suppliesForSchool\suppliesForSchool.csproj", "{0B3EB015-9682-4C50-94DD-359361C6BFED}"
EndProject
Project("{FAE04EC0-301F-11D3-BF4B-00C04F79EFBC}") = "repainting", "repainting\repainting.csproj", "{702BD68A-8C9E-47F4-B7D1-9DEF0DC03ED6}"
EndProject
Project("{FAE04EC0-301F-11D3-BF4B-00C04F79EFBC}") = "foodDelivery", "foodDelivery\foodDelivery.csproj", "{0972066A-7A02-41CE-9B26-D3C2A141A7B6}"
EndProject
Project("{FAE04EC0-301F-11D3-BF4B-00C04F79EFBC}") = "basketballEquipment", "basketballEquipment\basketballEquipment.csproj", "{05CF938E-397A-4407-8784-69109DFA46E8}"
EndProject
Project("{FAE04EC0-301F-11D3-BF4B-00C04F79EFBC}") = "fishTank", "fishTank\fishTank.csproj", "{9617987E-7F01-461F-86A3-A965CD545F63}"
EndProject
Global
	GlobalSection(SolutionConfigurationPlatforms) = preSolution
		Debug|Any CPU = Debug|Any CPU
		Debug|ARM = Debug|ARM
		Debug|ARM64 = Debug|ARM64
		Debug|x64 = Debug|x64
		Debug|x86 = Debug|x86
		Release|Any CPU = Release|Any CPU
		Release|ARM = Release|ARM
		Release|ARM64 = Release|ARM64
		Release|x64 = Release|x64
		Release|x86 = Release|x86
	EndGlobalSection
	GlobalSection(ProjectConfigurationPlatforms) = postSolution
		{99D1A9D3-C19C-4E7B-9A10-06B1AA790EAB}.Debug|Any CPU.ActiveCfg = Debug|Any CPU
		{99D1A9D3-C19C-4E7B-9A10-06B1AA790EAB}.Debug|Any CPU.Build.0 = Debug|Any CPU
		{99D1A9D3-C19C-4E7B-9A10-06B1AA790EAB}.Debug|ARM.ActiveCfg = Debug|Any CPU
		{99D1A9D3-C19C-4E7B-9A10-06B1AA790EAB}.Debug|ARM.Build.0 = Debug|Any CPU
		{99D1A9D3-C19C-4E7B-9A10-06B1AA790EAB}.Debug|ARM64.ActiveCfg = Debug|Any CPU
		{99D1A9D3-C19C-4E7B-9A10-06B1AA790EAB}.Debug|ARM64.Build.0 = Debug|Any CPU
		{99D1A9D3-C19C-4E7B-9A10-06B1AA790EAB}.Debug|x64.ActiveCfg = Debug|Any CPU
		{99D1A9D3-C19C-4E7B-9A10-06B1AA790EAB}.Debug|x64.Build.0 = Debug|Any CPU
		{99D1A9D3-C19C-4E7B-9A10-06B1AA790EAB}.Debug|x86.ActiveCfg = Debug|Any CPU
		{99D1A9D3-C19C-4E7B-9A10-06B1AA790EAB}.Debug|x86.Build.0 = Debug|Any CPU
		{99D1A9D3-C19C-4E7B-9A10-06B1AA790EAB}.Release|Any CPU.ActiveCfg = Release|Any CPU
		{99D1A9D3-C19C-4E7B-9A10-06B1AA790EAB}.Release|Any CPU.Build.0 = Release|Any CPU
		{99D1A9D3-C19C-4E7B-9A10-06B1AA790EAB}.Release|ARM.ActiveCfg = Release|Any CPU
		{99D1A9D3-C19C-4E7B-9A10-06B1AA790EAB}.Release|ARM.Build.0 = Release|Any CPU
		{99D1A9D3-C19C-4E7B-9A10-06B1AA790EAB}.Release|ARM64.ActiveCfg = Release|Any CPU
		{99D1A9D3-C19C-4E7B-9A10-06B1AA790EAB}.Release|ARM64.Build.0 = Release|Any CPU
		{99D1A9D3-C19C-4E7B-9A10-06B1AA790EAB}.Release|x64.ActiveCfg = Release|Any CPU
		{99D1A9D3-C19C-4E7B-9A10-06B1AA790EAB}.Release|x64.Build.0 = Release|Any CPU
		{99D1A9D3-C19C-4E7B-9A10-06B1AA790EAB}.Release|x86.ActiveCfg = Release|Any CPU
		{99D1A9D3-C19C-4E7B-9A10-06B1AA790EAB}.Release|x86.Build.0 = Release|Any CPU
		{7B4A26C0-2F24-48AE-830F-A2D628E3EE54}.Debug|Any CPU.ActiveCfg = Debug|Any CPU
		{7B4A26C0-2F24-48AE-830F-A2D628E3EE54}.Debug|Any CPU.Build.0 = Debug|Any CPU
		{7B4A26C0-2F24-48AE-830F-A2D628E3EE54}.Debug|ARM.ActiveCfg = Debug|Any CPU
		{7B4A26C0-2F24-48AE-830F-A2D628E3EE54}.Debug|ARM.Build.0 = Debug|Any CPU
		{7B4A26C0-2F24-48AE-830F-A2D628E3EE54}.Debug|ARM64.ActiveCfg = Debug|Any CPU
		{7B4A26C0-2F24-48AE-830F-A2D628E3EE54}.Debug|ARM64.Build.0 = Debug|Any CPU
		{7B4A26C0-2F24-48AE-830F-A2D628E3EE54}.Debug|x64.ActiveCfg = Debug|Any CPU
		{7B4A26C0-2F24-48AE-830F-A2D628E3EE54}.Debug|x64.Build.0 = Debug|Any CPU
		{7B4A26C0-2F24-48AE-830F-A2D628E3EE54}.Debug|x86.ActiveCfg = Debug|Any CPU
		{7B4A26C0-2F24-48AE-830F-A2D628E3EE54}.Debug|x86.Build.0 = Debug|Any CPU
		{7B4A26C0-2F24-48AE-830F-A2D628E3EE54}.Release|Any CPU.ActiveCfg = Release|Any CPU
		{7B4A26C0-2F24-48AE-830F-A2D628E3EE54}.Release|Any CPU.Build.0 = Release|Any CPU
		{7B4A26C0-2F24-48AE-830F-A2D628E3EE54}.Release|ARM.ActiveCfg = Release|Any CPU
		{7B4A26C0-2F24-48AE-830F-A2D628E3EE54}.Release|ARM.Build.0 = Release|Any CPU
		{7B4A26C0-2F24-48AE-830F-A2D628E3EE54}.Release|ARM64.ActiveCfg = Release|Any CPU
		{7B4A26C0-2F24-48AE-830F-A2D628E3EE54}.Release|ARM64.Build.0 = Release|Any CPU
		{7B4A26C0-2F24-48AE-830F-A2D628E3EE54}.Release|x64.ActiveCfg = Release|Any CPU
		{7B4A26C0-2F24-48AE-830F-A2D628E3EE54}.Release|x64.Build.0 = Release|Any CPU
		{7B4A26C0-2F24-48AE-830F-A2D628E3EE54}.Release|x86.ActiveCfg = Release|Any CPU
		{7B4A26C0-2F24-48AE-830F-A2D628E3EE54}.Release|x86.Build.0 = Release|Any CPU
		{617A7686-AF6A-4E62-8E89-DAD6D4EEDF27}.Debug|Any CPU.ActiveCfg = Debug|Any CPU
		{617A7686-AF6A-4E62-8E89-DAD6D4EEDF27}.Debug|Any CPU.Build.0 = Debug|Any CPU
		{617A7686-AF6A-4E62-8E89-DAD6D4EEDF27}.Debug|ARM.ActiveCfg = Debug|Any CPU
		{617A7686-AF6A-4E62-8E89-DAD6D4EEDF27}.Debug|ARM.Build.0 = Debug|Any CPU
		{617A7686-AF6A-4E62-8E89-DAD6D4EEDF27}.Debug|ARM64.ActiveCfg = Debug|Any CPU
		{617A7686-AF6A-4E62-8E89-DAD6D4EEDF27}.Debug|ARM64.Build.0 = Debug|Any CPU
		{617A7686-AF6A-4E62-8E89-DAD6D4EEDF27}.Debug|x64.ActiveCfg = Debug|Any CPU
		{617A7686-AF6A-4E62-8E89-DAD6D4EEDF27}.Debug|x64.Build.0 = Debug|Any CPU
		{617A7686-AF6A-4E62-8E89-DAD6D4EEDF27}.Debug|x86.ActiveCfg = Debug|Any CPU
		{617A7686-AF6A-4E62-8E89-DAD6D4EEDF27}.Debug|x86.Build.0 = Debug|Any CPU
		{617A7686-AF6A-4E62-8E89-DAD6D4EEDF27}.Release|Any CPU.ActiveCfg = Release|Any CPU
		{617A7686-AF6A-4E62-8E89-DAD6D4EEDF27}.Release|Any CPU.Build.0 = Release|Any CPU
		{617A7686-AF6A-4E62-8E89-DAD6D4EEDF27}.Release|ARM.ActiveCfg = Release|Any CPU
		{617A7686-AF6A-4E62-8E89-DAD6D4EEDF27}.Release|ARM.Build.0 = Release|Any CPU
		{617A7686-AF6A-4E62-8E89-DAD6D4EEDF27}.Release|ARM64.ActiveCfg = Release|Any CPU
		{617A7686-AF6A-4E62-8E89-DAD6D4EEDF27}.Release|ARM64.Build.0 = Release|Any CPU
		{617A7686-AF6A-4E62-8E89-DAD6D4EEDF27}.Release|x64.ActiveCfg = Release|Any CPU
		{617A7686-AF6A-4E62-8E89-DAD6D4EEDF27}.Release|x64.Build.0 = Release|Any CPU
		{617A7686-AF6A-4E62-8E89-DAD6D4EEDF27}.Release|x86.ActiveCfg = Release|Any CPU
		{617A7686-AF6A-4E62-8E89-DAD6D4EEDF27}.Release|x86.Build.0 = Release|Any CPU
		{92427F45-7067-427A-976D-47495FF5F07B}.Debug|Any CPU.ActiveCfg = Debug|Any CPU
		{92427F45-7067-427A-976D-47495FF5F07B}.Debug|Any CPU.Build.0 = Debug|Any CPU
		{92427F45-7067-427A-976D-47495FF5F07B}.Debug|ARM.ActiveCfg = Debug|Any CPU
		{92427F45-7067-427A-976D-47495FF5F07B}.Debug|ARM.Build.0 = Debug|Any CPU
		{92427F45-7067-427A-976D-47495FF5F07B}.Debug|ARM64.ActiveCfg = Debug|Any CPU
		{92427F45-7067-427A-976D-47495FF5F07B}.Debug|ARM64.Build.0 = Debug|Any CPU
		{92427F45-7067-427A-976D-47495FF5F07B}.Debug|x64.ActiveCfg = Debug|Any CPU
		{92427F45-7067-427A-976D-47495FF5F07B}.Debug|x64.Build.0 = Debug|Any CPU
		{92427F45-7067-427A-976D-47495FF5F07B}.Debug|x86.ActiveCfg = Debug|Any CPU
		{92427F45-7067-427A-976D-47495FF5F07B}.Debug|x86.Build.0 = Debug|Any CPU
		{92427F45-7067-427A-976D-47495FF5F07B}.Release|Any CPU.ActiveCfg = Release|Any CPU
		{92427F45-7067-427A-976D-47495FF5F07B}.Release|Any CPU.Build.0 = Release|Any CPU
		{92427F45-7067-427A-976D-47495FF5F07B}.Release|ARM.ActiveCfg = Release|Any CPU
		{92427F45-7067-427A-976D-47495FF5F07B}.Release|ARM.Build.0 = Release|Any CPU
		{92427F45-7067-427A-976D-47495FF5F07B}.Release|ARM64.ActiveCfg = Release|Any CPU
		{92427F45-7067-427A-976D-47495FF5F07B}.Release|ARM64.Build.0 = Release|Any CPU
		{92427F45-7067-427A-976D-47495FF5F07B}.Release|x64.ActiveCfg = Release|Any CPU
		{92427F45-7067-427A-976D-47495FF5F07B}.Release|x64.Build.0 = Release|Any CPU
		{92427F45-7067-427A-976D-47495FF5F07B}.Release|x86.ActiveCfg = Release|Any CPU
		{92427F45-7067-427A-976D-47495FF5F07B}.Release|x86.Build.0 = Release|Any CPU
		{625B8682-560C-403E-A433-502B73B65681}.Debug|Any CPU.ActiveCfg = Debug|Any CPU
		{625B8682-560C-403E-A433-502B73B65681}.Debug|Any CPU.Build.0 = Debug|Any CPU
		{625B8682-560C-403E-A433-502B73B65681}.Debug|ARM.ActiveCfg = Debug|Any CPU
		{625B8682-560C-403E-A433-502B73B65681}.Debug|ARM.Build.0 = Debug|Any CPU
		{625B8682-560C-403E-A433-502B73B65681}.Debug|ARM64.ActiveCfg = Debug|Any CPU
		{625B8682-560C-403E-A433-502B73B65681}.Debug|ARM64.Build.0 = Debug|Any CPU
		{625B8682-560C-403E-A433-502B73B65681}.Debug|x64.ActiveCfg = Debug|Any CPU
		{625B8682-560C-403E-A433-502B73B65681}.Debug|x64.Build.0 = Debug|Any CPU
		{625B8682-560C-403E-A433-502B73B65681}.Debug|x86.ActiveCfg = Debug|Any CPU
		{625B8682-560C-403E-A433-502B73B65681}.Debug|x86.Build.0 = Debug|Any CPU
		{625B8682-560C-403E-A433-502B73B65681}.Release|Any CPU.ActiveCfg = Release|Any CPU
		{625B8682-560C-403E-A433-502B73B65681}.Release|Any CPU.Build.0 = Release|Any CPU
		{625B8682-560C-403E-A433-502B73B65681}.Release|ARM.ActiveCfg = Release|Any CPU
		{625B8682-560C-403E-A433-502B73B65681}.Release|ARM.Build.0 = Release|Any CPU
		{625B8682-560C-403E-A433-502B73B65681}.Release|ARM64.ActiveCfg = Release|Any CPU
		{625B8682-560C-403E-A433-502B73B65681}.Release|ARM64.Build.0 = Release|Any CPU
		{625B8682-560C-403E-A433-502B73B65681}.Release|x64.ActiveCfg = Release|Any CPU
		{625B8682-560C-403E-A433-502B73B65681}.Release|x64.Build.0 = Release|Any CPU
		{625B8682-560C-403E-A433-502B73B65681}.Release|x86.ActiveCfg = Release|Any CPU
		{625B8682-560C-403E-A433-502B73B65681}.Release|x86.Build.0 = Release|Any CPU
		{92402C46-A7F0-41B4-A73D-1DBB6745864E}.Debug|Any CPU.ActiveCfg = Debug|Any CPU
		{92402C46-A7F0-41B4-A73D-1DBB6745864E}.Debug|Any CPU.Build.0 = Debug|Any CPU
		{92402C46-A7F0-41B4-A73D-1DBB6745864E}.Debug|ARM.ActiveCfg = Debug|Any CPU
		{92402C46-A7F0-41B4-A73D-1DBB6745864E}.Debug|ARM.Build.0 = Debug|Any CPU
		{92402C46-A7F0-41B4-A73D-1DBB6745864E}.Debug|ARM64.ActiveCfg = Debug|Any CPU
		{92402C46-A7F0-41B4-A73D-1DBB6745864E}.Debug|ARM64.Build.0 = Debug|Any CPU
		{92402C46-A7F0-41B4-A73D-1DBB6745864E}.Debug|x64.ActiveCfg = Debug|Any CPU
		{92402C46-A7F0-41B4-A73D-1DBB6745864E}.Debug|x64.Build.0 = Debug|Any CPU
		{92402C46-A7F0-41B4-A73D-1DBB6745864E}.Debug|x86.ActiveCfg = Debug|Any CPU
		{92402C46-A7F0-41B4-A73D-1DBB6745864E}.Debug|x86.Build.0 = Debug|Any CPU
		{92402C46-A7F0-41B4-A73D-1DBB6745864E}.Release|Any CPU.ActiveCfg = Release|Any CPU
		{92402C46-A7F0-41B4-A73D-1DBB6745864E}.Release|Any CPU.Build.0 = Release|Any CPU
		{92402C46-A7F0-41B4-A73D-1DBB6745864E}.Release|ARM.ActiveCfg = Release|Any CPU
		{92402C46-A7F0-41B4-A73D-1DBB6745864E}.Release|ARM.Build.0 = Release|Any CPU
		{92402C46-A7F0-41B4-A73D-1DBB6745864E}.Release|ARM64.ActiveCfg = Release|Any CPU
		{92402C46-A7F0-41B4-A73D-1DBB6745864E}.Release|ARM64.Build.0 = Release|Any CPU
		{92402C46-A7F0-41B4-A73D-1DBB6745864E}.Release|x64.ActiveCfg = Release|Any CPU
		{92402C46-A7F0-41B4-A73D-1DBB6745864E}.Release|x64.Build.0 = Release|Any CPU
		{92402C46-A7F0-41B4-A73D-1DBB6745864E}.Release|x86.ActiveCfg = Release|Any CPU
		{92402C46-A7F0-41B4-A73D-1DBB6745864E}.Release|x86.Build.0 = Release|Any CPU
		{D1521BD4-2DF3-4F2D-854D-880A8162DE56}.Debug|Any CPU.ActiveCfg = Debug|Any CPU
		{D1521BD4-2DF3-4F2D-854D-880A8162DE56}.Debug|Any CPU.Build.0 = Debug|Any CPU
		{D1521BD4-2DF3-4F2D-854D-880A8162DE56}.Debug|ARM.ActiveCfg = Debug|Any CPU
		{D1521BD4-2DF3-4F2D-854D-880A8162DE56}.Debug|ARM.Build.0 = Debug|Any CPU
		{D1521BD4-2DF3-4F2D-854D-880A8162DE56}.Debug|ARM64.ActiveCfg = Debug|Any CPU
		{D1521BD4-2DF3-4F2D-854D-880A8162DE56}.Debug|ARM64.Build.0 = Debug|Any CPU
		{D1521BD4-2DF3-4F2D-854D-880A8162DE56}.Debug|x64.ActiveCfg = Debug|Any CPU
		{D1521BD4-2DF3-4F2D-854D-880A8162DE56}.Debug|x64.Build.0 = Debug|Any CPU
		{D1521BD4-2DF3-4F2D-854D-880A8162DE56}.Debug|x86.ActiveCfg = Debug|Any CPU
		{D1521BD4-2DF3-4F2D-854D-880A8162DE56}.Debug|x86.Build.0 = Debug|Any CPU
		{D1521BD4-2DF3-4F2D-854D-880A8162DE56}.Release|Any CPU.ActiveCfg = Release|Any CPU
		{D1521BD4-2DF3-4F2D-854D-880A8162DE56}.Release|Any CPU.Build.0 = Release|Any CPU
		{D1521BD4-2DF3-4F2D-854D-880A8162DE56}.Release|ARM.ActiveCfg = Release|Any CPU
		{D1521BD4-2DF3-4F2D-854D-880A8162DE56}.Release|ARM.Build.0 = Release|Any CPU
		{D1521BD4-2DF3-4F2D-854D-880A8162DE56}.Release|ARM64.ActiveCfg = Release|Any CPU
		{D1521BD4-2DF3-4F2D-854D-880A8162DE56}.Release|ARM64.Build.0 = Release|Any CPU
		{D1521BD4-2DF3-4F2D-854D-880A8162DE56}.Release|x64.ActiveCfg = Release|Any CPU
		{D1521BD4-2DF3-4F2D-854D-880A8162DE56}.Release|x64.Build.0 = Release|Any CPU
		{D1521BD4-2DF3-4F2D-854D-880A8162DE56}.Release|x86.ActiveCfg = Release|Any CPU
		{D1521BD4-2DF3-4F2D-854D-880A8162DE56}.Release|x86.Build.0 = Release|Any CPU
		{2F5D1D75-5C32-44A6-A715-25D6535B163C}.Debug|Any CPU.ActiveCfg = Debug|Any CPU
		{2F5D1D75-5C32-44A6-A715-25D6535B163C}.Debug|Any CPU.Build.0 = Debug|Any CPU
		{2F5D1D75-5C32-44A6-A715-25D6535B163C}.Debug|ARM.ActiveCfg = Debug|Any CPU
		{2F5D1D75-5C32-44A6-A715-25D6535B163C}.Debug|ARM.Build.0 = Debug|Any CPU
		{2F5D1D75-5C32-44A6-A715-25D6535B163C}.Debug|ARM64.ActiveCfg = Debug|Any CPU
		{2F5D1D75-5C32-44A6-A715-25D6535B163C}.Debug|ARM64.Build.0 = Debug|Any CPU
		{2F5D1D75-5C32-44A6-A715-25D6535B163C}.Debug|x64.ActiveCfg = Debug|Any CPU
		{2F5D1D75-5C32-44A6-A715-25D6535B163C}.Debug|x64.Build.0 = Debug|Any CPU
		{2F5D1D75-5C32-44A6-A715-25D6535B163C}.Debug|x86.ActiveCfg = Debug|Any CPU
		{2F5D1D75-5C32-44A6-A715-25D6535B163C}.Debug|x86.Build.0 = Debug|Any CPU
		{2F5D1D75-5C32-44A6-A715-25D6535B163C}.Release|Any CPU.ActiveCfg = Release|Any CPU
		{2F5D1D75-5C32-44A6-A715-25D6535B163C}.Release|Any CPU.Build.0 = Release|Any CPU
		{2F5D1D75-5C32-44A6-A715-25D6535B163C}.Release|ARM.ActiveCfg = Release|Any CPU
		{2F5D1D75-5C32-44A6-A715-25D6535B163C}.Release|ARM.Build.0 = Release|Any CPU
		{2F5D1D75-5C32-44A6-A715-25D6535B163C}.Release|ARM64.ActiveCfg = Release|Any CPU
		{2F5D1D75-5C32-44A6-A715-25D6535B163C}.Release|ARM64.Build.0 = Release|Any CPU
		{2F5D1D75-5C32-44A6-A715-25D6535B163C}.Release|x64.ActiveCfg = Release|Any CPU
		{2F5D1D75-5C32-44A6-A715-25D6535B163C}.Release|x64.Build.0 = Release|Any CPU
		{2F5D1D75-5C32-44A6-A715-25D6535B163C}.Release|x86.ActiveCfg = Release|Any CPU
		{2F5D1D75-5C32-44A6-A715-25D6535B163C}.Release|x86.Build.0 = Release|Any CPU
		{6D2D1615-987B-4B90-842A-EC92763FAFE0}.Debug|Any CPU.ActiveCfg = Debug|Any CPU
		{6D2D1615-987B-4B90-842A-EC92763FAFE0}.Debug|Any CPU.Build.0 = Debug|Any CPU
		{6D2D1615-987B-4B90-842A-EC92763FAFE0}.Debug|ARM.ActiveCfg = Debug|Any CPU
		{6D2D1615-987B-4B90-842A-EC92763FAFE0}.Debug|ARM.Build.0 = Debug|Any CPU
		{6D2D1615-987B-4B90-842A-EC92763FAFE0}.Debug|ARM64.ActiveCfg = Debug|Any CPU
		{6D2D1615-987B-4B90-842A-EC92763FAFE0}.Debug|ARM64.Build.0 = Debug|Any CPU
		{6D2D1615-987B-4B90-842A-EC92763FAFE0}.Debug|x64.ActiveCfg = Debug|Any CPU
		{6D2D1615-987B-4B90-842A-EC92763FAFE0}.Debug|x64.Build.0 = Debug|Any CPU
		{6D2D1615-987B-4B90-842A-EC92763FAFE0}.Debug|x86.ActiveCfg = Debug|Any CPU
		{6D2D1615-987B-4B90-842A-EC92763FAFE0}.Debug|x86.Build.0 = Debug|Any CPU
		{6D2D1615-987B-4B90-842A-EC92763FAFE0}.Release|Any CPU.ActiveCfg = Release|Any CPU
		{6D2D1615-987B-4B90-842A-EC92763FAFE0}.Release|Any CPU.Build.0 = Release|Any CPU
		{6D2D1615-987B-4B90-842A-EC92763FAFE0}.Release|ARM.ActiveCfg = Release|Any CPU
		{6D2D1615-987B-4B90-842A-EC92763FAFE0}.Release|ARM.Build.0 = Release|Any CPU
		{6D2D1615-987B-4B90-842A-EC92763FAFE0}.Release|ARM64.ActiveCfg = Release|Any CPU
		{6D2D1615-987B-4B90-842A-EC92763FAFE0}.Release|ARM64.Build.0 = Release|Any CPU
		{6D2D1615-987B-4B90-842A-EC92763FAFE0}.Release|x64.ActiveCfg = Release|Any CPU
		{6D2D1615-987B-4B90-842A-EC92763FAFE0}.Release|x64.Build.0 = Release|Any CPU
		{6D2D1615-987B-4B90-842A-EC92763FAFE0}.Release|x86.ActiveCfg = Release|Any CPU
		{6D2D1615-987B-4B90-842A-EC92763FAFE0}.Release|x86.Build.0 = Release|Any CPU
		{11B817AB-6F65-45C2-A8F1-1999084135A5}.Debug|Any CPU.ActiveCfg = Debug|Any CPU
		{11B817AB-6F65-45C2-A8F1-1999084135A5}.Debug|Any CPU.Build.0 = Debug|Any CPU
		{11B817AB-6F65-45C2-A8F1-1999084135A5}.Debug|ARM.ActiveCfg = Debug|Any CPU
		{11B817AB-6F65-45C2-A8F1-1999084135A5}.Debug|ARM.Build.0 = Debug|Any CPU
		{11B817AB-6F65-45C2-A8F1-1999084135A5}.Debug|ARM64.ActiveCfg = Debug|Any CPU
		{11B817AB-6F65-45C2-A8F1-1999084135A5}.Debug|ARM64.Build.0 = Debug|Any CPU
		{11B817AB-6F65-45C2-A8F1-1999084135A5}.Debug|x64.ActiveCfg = Debug|Any CPU
		{11B817AB-6F65-45C2-A8F1-1999084135A5}.Debug|x64.Build.0 = Debug|Any CPU
		{11B817AB-6F65-45C2-A8F1-1999084135A5}.Debug|x86.ActiveCfg = Debug|Any CPU
		{11B817AB-6F65-45C2-A8F1-1999084135A5}.Debug|x86.Build.0 = Debug|Any CPU
		{11B817AB-6F65-45C2-A8F1-1999084135A5}.Release|Any CPU.ActiveCfg = Release|Any CPU
		{11B817AB-6F65-45C2-A8F1-1999084135A5}.Release|Any CPU.Build.0 = Release|Any CPU
		{11B817AB-6F65-45C2-A8F1-1999084135A5}.Release|ARM.ActiveCfg = Release|Any CPU
		{11B817AB-6F65-45C2-A8F1-1999084135A5}.Release|ARM.Build.0 = Release|Any CPU
		{11B817AB-6F65-45C2-A8F1-1999084135A5}.Release|ARM64.ActiveCfg = Release|Any CPU
		{11B817AB-6F65-45C2-A8F1-1999084135A5}.Release|ARM64.Build.0 = Release|Any CPU
		{11B817AB-6F65-45C2-A8F1-1999084135A5}.Release|x64.ActiveCfg = Release|Any CPU
		{11B817AB-6F65-45C2-A8F1-1999084135A5}.Release|x64.Build.0 = Release|Any CPU
		{11B817AB-6F65-45C2-A8F1-1999084135A5}.Release|x86.ActiveCfg = Release|Any CPU
		{11B817AB-6F65-45C2-A8F1-1999084135A5}.Release|x86.Build.0 = Release|Any CPU
		{1E26F677-07E1-4BDB-B819-18813B7612C8}.Debug|Any CPU.ActiveCfg = Debug|Any CPU
		{1E26F677-07E1-4BDB-B819-18813B7612C8}.Debug|Any CPU.Build.0 = Debug|Any CPU
		{1E26F677-07E1-4BDB-B819-18813B7612C8}.Debug|ARM.ActiveCfg = Debug|Any CPU
		{1E26F677-07E1-4BDB-B819-18813B7612C8}.Debug|ARM.Build.0 = Debug|Any CPU
		{1E26F677-07E1-4BDB-B819-18813B7612C8}.Debug|ARM64.ActiveCfg = Debug|Any CPU
		{1E26F677-07E1-4BDB-B819-18813B7612C8}.Debug|ARM64.Build.0 = Debug|Any CPU
		{1E26F677-07E1-4BDB-B819-18813B7612C8}.Debug|x64.ActiveCfg = Debug|Any CPU
		{1E26F677-07E1-4BDB-B819-18813B7612C8}.Debug|x64.Build.0 = Debug|Any CPU
		{1E26F677-07E1-4BDB-B819-18813B7612C8}.Debug|x86.ActiveCfg = Debug|Any CPU
		{1E26F677-07E1-4BDB-B819-18813B7612C8}.Debug|x86.Build.0 = Debug|Any CPU
		{1E26F677-07E1-4BDB-B819-18813B7612C8}.Release|Any CPU.ActiveCfg = Release|Any CPU
		{1E26F677-07E1-4BDB-B819-18813B7612C8}.Release|Any CPU.Build.0 = Release|Any CPU
		{1E26F677-07E1-4BDB-B819-18813B7612C8}.Release|ARM.ActiveCfg = Release|Any CPU
		{1E26F677-07E1-4BDB-B819-18813B7612C8}.Release|ARM.Build.0 = Release|Any CPU
		{1E26F677-07E1-4BDB-B819-18813B7612C8}.Release|ARM64.ActiveCfg = Release|Any CPU
		{1E26F677-07E1-4BDB-B819-18813B7612C8}.Release|ARM64.Build.0 = Release|Any CPU
		{1E26F677-07E1-4BDB-B819-18813B7612C8}.Release|x64.ActiveCfg = Release|Any CPU
		{1E26F677-07E1-4BDB-B819-18813B7612C8}.Release|x64.Build.0 = Release|Any CPU
		{1E26F677-07E1-4BDB-B819-18813B7612C8}.Release|x86.ActiveCfg = Release|Any CPU
		{1E26F677-07E1-4BDB-B819-18813B7612C8}.Release|x86.Build.0 = Release|Any CPU
		{8AFED2F4-8173-4969-A004-9F5B195A27DD}.Debug|Any CPU.ActiveCfg = Debug|Any CPU
		{8AFED2F4-8173-4969-A004-9F5B195A27DD}.Debug|Any CPU.Build.0 = Debug|Any CPU
		{8AFED2F4-8173-4969-A004-9F5B195A27DD}.Debug|ARM.ActiveCfg = Debug|Any CPU
		{8AFED2F4-8173-4969-A004-9F5B195A27DD}.Debug|ARM.Build.0 = Debug|Any CPU
		{8AFED2F4-8173-4969-A004-9F5B195A27DD}.Debug|ARM64.ActiveCfg = Debug|Any CPU
		{8AFED2F4-8173-4969-A004-9F5B195A27DD}.Debug|ARM64.Build.0 = Debug|Any CPU
		{8AFED2F4-8173-4969-A004-9F5B195A27DD}.Debug|x64.ActiveCfg = Debug|Any CPU
		{8AFED2F4-8173-4969-A004-9F5B195A27DD}.Debug|x64.Build.0 = Debug|Any CPU
		{8AFED2F4-8173-4969-A004-9F5B195A27DD}.Debug|x86.ActiveCfg = Debug|Any CPU
		{8AFED2F4-8173-4969-A004-9F5B195A27DD}.Debug|x86.Build.0 = Debug|Any CPU
		{8AFED2F4-8173-4969-A004-9F5B195A27DD}.Release|Any CPU.ActiveCfg = Release|Any CPU
		{8AFED2F4-8173-4969-A004-9F5B195A27DD}.Release|Any CPU.Build.0 = Release|Any CPU
		{8AFED2F4-8173-4969-A004-9F5B195A27DD}.Release|ARM.ActiveCfg = Release|Any CPU
		{8AFED2F4-8173-4969-A004-9F5B195A27DD}.Release|ARM.Build.0 = Release|Any CPU
		{8AFED2F4-8173-4969-A004-9F5B195A27DD}.Release|ARM64.ActiveCfg = Release|Any CPU
		{8AFED2F4-8173-4969-A004-9F5B195A27DD}.Release|ARM64.Build.0 = Release|Any CPU
		{8AFED2F4-8173-4969-A004-9F5B195A27DD}.Release|x64.ActiveCfg = Release|Any CPU
		{8AFED2F4-8173-4969-A004-9F5B195A27DD}.Release|x64.Build.0 = Release|Any CPU
		{8AFED2F4-8173-4969-A004-9F5B195A27DD}.Release|x86.ActiveCfg = Release|Any CPU
		{8AFED2F4-8173-4969-A004-9F5B195A27DD}.Release|x86.Build.0 = Release|Any CPU
		{C0F4ED5E-8FF5-4A55-A3BF-D05766EF5DF4}.Debug|Any CPU.ActiveCfg = Debug|Any CPU
		{C0F4ED5E-8FF5-4A55-A3BF-D05766EF5DF4}.Debug|Any CPU.Build.0 = Debug|Any CPU
		{C0F4ED5E-8FF5-4A55-A3BF-D05766EF5DF4}.Debug|ARM.ActiveCfg = Debug|Any CPU
		{C0F4ED5E-8FF5-4A55-A3BF-D05766EF5DF4}.Debug|ARM.Build.0 = Debug|Any CPU
		{C0F4ED5E-8FF5-4A55-A3BF-D05766EF5DF4}.Debug|ARM64.ActiveCfg = Debug|Any CPU
		{C0F4ED5E-8FF5-4A55-A3BF-D05766EF5DF4}.Debug|ARM64.Build.0 = Debug|Any CPU
		{C0F4ED5E-8FF5-4A55-A3BF-D05766EF5DF4}.Debug|x64.ActiveCfg = Debug|Any CPU
		{C0F4ED5E-8FF5-4A55-A3BF-D05766EF5DF4}.Debug|x64.Build.0 = Debug|Any CPU
		{C0F4ED5E-8FF5-4A55-A3BF-D05766EF5DF4}.Debug|x86.ActiveCfg = Debug|Any CPU
		{C0F4ED5E-8FF5-4A55-A3BF-D05766EF5DF4}.Debug|x86.Build.0 = Debug|Any CPU
		{C0F4ED5E-8FF5-4A55-A3BF-D05766EF5DF4}.Release|Any CPU.ActiveCfg = Release|Any CPU
		{C0F4ED5E-8FF5-4A55-A3BF-D05766EF5DF4}.Release|Any CPU.Build.0 = Release|Any CPU
		{C0F4ED5E-8FF5-4A55-A3BF-D05766EF5DF4}.Release|ARM.ActiveCfg = Release|Any CPU
		{C0F4ED5E-8FF5-4A55-A3BF-D05766EF5DF4}.Release|ARM.Build.0 = Release|Any CPU
		{C0F4ED5E-8FF5-4A55-A3BF-D05766EF5DF4}.Release|ARM64.ActiveCfg = Release|Any CPU
		{C0F4ED5E-8FF5-4A55-A3BF-D05766EF5DF4}.Release|ARM64.Build.0 = Release|Any CPU
		{C0F4ED5E-8FF5-4A55-A3BF-D05766EF5DF4}.Release|x64.ActiveCfg = Release|Any CPU
		{C0F4ED5E-8FF5-4A55-A3BF-D05766EF5DF4}.Release|x64.Build.0 = Release|Any CPU
		{C0F4ED5E-8FF5-4A55-A3BF-D05766EF5DF4}.Release|x86.ActiveCfg = Release|Any CPU
		{C0F4ED5E-8FF5-4A55-A3BF-D05766EF5DF4}.Release|x86.Build.0 = Release|Any CPU
		{0B3EB015-9682-4C50-94DD-359361C6BFED}.Debug|Any CPU.ActiveCfg = Debug|Any CPU
		{0B3EB015-9682-4C50-94DD-359361C6BFED}.Debug|Any CPU.Build.0 = Debug|Any CPU
		{0B3EB015-9682-4C50-94DD-359361C6BFED}.Debug|ARM.ActiveCfg = Debug|Any CPU
		{0B3EB015-9682-4C50-94DD-359361C6BFED}.Debug|ARM.Build.0 = Debug|Any CPU
		{0B3EB015-9682-4C50-94DD-359361C6BFED}.Debug|ARM64.ActiveCfg = Debug|Any CPU
		{0B3EB015-9682-4C50-94DD-359361C6BFED}.Debug|ARM64.Build.0 = Debug|Any CPU
		{0B3EB015-9682-4C50-94DD-359361C6BFED}.Debug|x64.ActiveCfg = Debug|Any CPU
		{0B3EB015-9682-4C50-94DD-359361C6BFED}.Debug|x64.Build.0 = Debug|Any CPU
		{0B3EB015-9682-4C50-94DD-359361C6BFED}.Debug|x86.ActiveCfg = Debug|Any CPU
		{0B3EB015-9682-4C50-94DD-359361C6BFED}.Debug|x86.Build.0 = Debug|Any CPU
		{0B3EB015-9682-4C50-94DD-359361C6BFED}.Release|Any CPU.ActiveCfg = Release|Any CPU
		{0B3EB015-9682-4C50-94DD-359361C6BFED}.Release|Any CPU.Build.0 = Release|Any CPU
		{0B3EB015-9682-4C50-94DD-359361C6BFED}.Release|ARM.ActiveCfg = Release|Any CPU
		{0B3EB015-9682-4C50-94DD-359361C6BFED}.Release|ARM.Build.0 = Release|Any CPU
		{0B3EB015-9682-4C50-94DD-359361C6BFED}.Release|ARM64.ActiveCfg = Release|Any CPU
		{0B3EB015-9682-4C50-94DD-359361C6BFED}.Release|ARM64.Build.0 = Release|Any CPU
		{0B3EB015-9682-4C50-94DD-359361C6BFED}.Release|x64.ActiveCfg = Release|Any CPU
		{0B3EB015-9682-4C50-94DD-359361C6BFED}.Release|x64.Build.0 = Release|Any CPU
		{0B3EB015-9682-4C50-94DD-359361C6BFED}.Release|x86.ActiveCfg = Release|Any CPU
		{0B3EB015-9682-4C50-94DD-359361C6BFED}.Release|x86.Build.0 = Release|Any CPU
		{702BD68A-8C9E-47F4-B7D1-9DEF0DC03ED6}.Debug|Any CPU.ActiveCfg = Debug|Any CPU
		{702BD68A-8C9E-47F4-B7D1-9DEF0DC03ED6}.Debug|Any CPU.Build.0 = Debug|Any CPU
		{702BD68A-8C9E-47F4-B7D1-9DEF0DC03ED6}.Debug|ARM.ActiveCfg = Debug|Any CPU
		{702BD68A-8C9E-47F4-B7D1-9DEF0DC03ED6}.Debug|ARM.Build.0 = Debug|Any CPU
		{702BD68A-8C9E-47F4-B7D1-9DEF0DC03ED6}.Debug|ARM64.ActiveCfg = Debug|Any CPU
		{702BD68A-8C9E-47F4-B7D1-9DEF0DC03ED6}.Debug|ARM64.Build.0 = Debug|Any CPU
		{702BD68A-8C9E-47F4-B7D1-9DEF0DC03ED6}.Debug|x64.ActiveCfg = Debug|Any CPU
		{702BD68A-8C9E-47F4-B7D1-9DEF0DC03ED6}.Debug|x64.Build.0 = Debug|Any CPU
		{702BD68A-8C9E-47F4-B7D1-9DEF0DC03ED6}.Debug|x86.ActiveCfg = Debug|Any CPU
		{702BD68A-8C9E-47F4-B7D1-9DEF0DC03ED6}.Debug|x86.Build.0 = Debug|Any CPU
		{702BD68A-8C9E-47F4-B7D1-9DEF0DC03ED6}.Release|Any CPU.ActiveCfg = Release|Any CPU
		{702BD68A-8C9E-47F4-B7D1-9DEF0DC03ED6}.Release|Any CPU.Build.0 = Release|Any CPU
		{702BD68A-8C9E-47F4-B7D1-9DEF0DC03ED6}.Release|ARM.ActiveCfg = Release|Any CPU
		{702BD68A-8C9E-47F4-B7D1-9DEF0DC03ED6}.Release|ARM.Build.0 = Release|Any CPU
		{702BD68A-8C9E-47F4-B7D1-9DEF0DC03ED6}.Release|ARM64.ActiveCfg = Release|Any CPU
		{702BD68A-8C9E-47F4-B7D1-9DEF0DC03ED6}.Release|ARM64.Build.0 = Release|Any CPU
		{702BD68A-8C9E-47F4-B7D1-9DEF0DC03ED6}.Release|x64.ActiveCfg = Release|Any CPU
		{702BD68A-8C9E-47F4-B7D1-9DEF0DC03ED6}.Release|x64.Build.0 = Release|Any CPU
		{702BD68A-8C9E-47F4-B7D1-9DEF0DC03ED6}.Release|x86.ActiveCfg = Release|Any CPU
		{702BD68A-8C9E-47F4-B7D1-9DEF0DC03ED6}.Release|x86.Build.0 = Release|Any CPU
		{0972066A-7A02-41CE-9B26-D3C2A141A7B6}.Debug|Any CPU.ActiveCfg = Debug|Any CPU
		{0972066A-7A02-41CE-9B26-D3C2A141A7B6}.Debug|Any CPU.Build.0 = Debug|Any CPU
		{0972066A-7A02-41CE-9B26-D3C2A141A7B6}.Debug|ARM.ActiveCfg = Debug|Any CPU
		{0972066A-7A02-41CE-9B26-D3C2A141A7B6}.Debug|ARM.Build.0 = Debug|Any CPU
		{0972066A-7A02-41CE-9B26-D3C2A141A7B6}.Debug|ARM64.ActiveCfg = Debug|Any CPU
		{0972066A-7A02-41CE-9B26-D3C2A141A7B6}.Debug|ARM64.Build.0 = Debug|Any CPU
		{0972066A-7A02-41CE-9B26-D3C2A141A7B6}.Debug|x64.ActiveCfg = Debug|Any CPU
		{0972066A-7A02-41CE-9B26-D3C2A141A7B6}.Debug|x64.Build.0 = Debug|Any CPU
		{0972066A-7A02-41CE-9B26-D3C2A141A7B6}.Debug|x86.ActiveCfg = Debug|Any CPU
		{0972066A-7A02-41CE-9B26-D3C2A141A7B6}.Debug|x86.Build.0 = Debug|Any CPU
		{0972066A-7A02-41CE-9B26-D3C2A141A7B6}.Release|Any CPU.ActiveCfg = Release|Any CPU
		{0972066A-7A02-41CE-9B26-D3C2A141A7B6}.Release|Any CPU.Build.0 = Release|Any CPU
		{0972066A-7A02-41CE-9B26-D3C2A141A7B6}.Release|ARM.ActiveCfg = Release|Any CPU
		{0972066A-7A02-41CE-9B26-D3C2A141A7B6}.Release|ARM.Build.0 = Release|Any CPU
		{0972066A-7A02-41CE-9B26-D3C2A141A7B6}.Release|ARM64.ActiveCfg = Release|Any CPU
		{0972066A-7A02-41CE-9B26-D3C2A141A7B6}.Release|ARM64.Build.0 = Release|Any CPU
		{0972066A-7A02-41CE-9B26-D3C2A141A7B6}.Release|x64.ActiveCfg = Release|Any CPU
		{0972066A-7A02-41CE-9B26-D3C2A141A7B6}.Release|x64.Build.0 = Release|Any CPU
		{0972066A-7A02-41CE-9B26-D3C2A141A7B6}.Release|x86.ActiveCfg = Release|Any CPU
		{0972066A-7A02-41CE-9B26-D3C2A141A7B6}.Release|x86.Build.0 = Release|Any CPU
		{05CF938E-397A-4407-8784-69109DFA46E8}.Debug|Any CPU.ActiveCfg = Debug|Any CPU
		{05CF938E-397A-4407-8784-69109DFA46E8}.Debug|Any CPU.Build.0 = Debug|Any CPU
		{05CF938E-397A-4407-8784-69109DFA46E8}.Debug|ARM.ActiveCfg = Debug|Any CPU
		{05CF938E-397A-4407-8784-69109DFA46E8}.Debug|ARM.Build.0 = Debug|Any CPU
		{05CF938E-397A-4407-8784-69109DFA46E8}.Debug|ARM64.ActiveCfg = Debug|Any CPU
		{05CF938E-397A-4407-8784-69109DFA46E8}.Debug|ARM64.Build.0 = Debug|Any CPU
		{05CF938E-397A-4407-8784-69109DFA46E8}.Debug|x64.ActiveCfg = Debug|Any CPU
		{05CF938E-397A-4407-8784-69109DFA46E8}.Debug|x64.Build.0 = Debug|Any CPU
		{05CF938E-397A-4407-8784-69109DFA46E8}.Debug|x86.ActiveCfg = Debug|Any CPU
		{05CF938E-397A-4407-8784-69109DFA46E8}.Debug|x86.Build.0 = Debug|Any CPU
		{05CF938E-397A-4407-8784-69109DFA46E8}.Release|Any CPU.ActiveCfg = Release|Any CPU
		{05CF938E-397A-4407-8784-69109DFA46E8}.Release|Any CPU.Build.0 = Release|Any CPU
		{05CF938E-397A-4407-8784-69109DFA46E8}.Release|ARM.ActiveCfg = Release|Any CPU
		{05CF938E-397A-4407-8784-69109DFA46E8}.Release|ARM.Build.0 = Release|Any CPU
		{05CF938E-397A-4407-8784-69109DFA46E8}.Release|ARM64.ActiveCfg = Release|Any CPU
		{05CF938E-397A-4407-8784-69109DFA46E8}.Release|ARM64.Build.0 = Release|Any CPU
		{05CF938E-397A-4407-8784-69109DFA46E8}.Release|x64.ActiveCfg = Release|Any CPU
		{05CF938E-397A-4407-8784-69109DFA46E8}.Release|x64.Build.0 = Release|Any CPU
		{05CF938E-397A-4407-8784-69109DFA46E8}.Release|x86.ActiveCfg = Release|Any CPU
		{05CF938E-397A-4407-8784-69109DFA46E8}.Release|x86.Build.0 = Release|Any CPU
		{9617987E-7F01-461F-86A3-A965CD545F63}.Debug|Any CPU.ActiveCfg = Debug|Any CPU
		{9617987E-7F01-461F-86A3-A965CD545F63}.Debug|Any CPU.Build.0 = Debug|Any CPU
		{9617987E-7F01-461F-86A3-A965CD545F63}.Debug|ARM.ActiveCfg = Debug|Any CPU
		{9617987E-7F01-461F-86A3-A965CD545F63}.Debug|ARM.Build.0 = Debug|Any CPU
		{9617987E-7F01-461F-86A3-A965CD545F63}.Debug|ARM64.ActiveCfg = Debug|Any CPU
		{9617987E-7F01-461F-86A3-A965CD545F63}.Debug|ARM64.Build.0 = Debug|Any CPU
		{9617987E-7F01-461F-86A3-A965CD545F63}.Debug|x64.ActiveCfg = Debug|Any CPU
		{9617987E-7F01-461F-86A3-A965CD545F63}.Debug|x64.Build.0 = Debug|Any CPU
		{9617987E-7F01-461F-86A3-A965CD545F63}.Debug|x86.ActiveCfg = Debug|Any CPU
		{9617987E-7F01-461F-86A3-A965CD545F63}.Debug|x86.Build.0 = Debug|Any CPU
		{9617987E-7F01-461F-86A3-A965CD545F63}.Release|Any CPU.ActiveCfg = Release|Any CPU
		{9617987E-7F01-461F-86A3-A965CD545F63}.Release|Any CPU.Build.0 = Release|Any CPU
		{9617987E-7F01-461F-86A3-A965CD545F63}.Release|ARM.ActiveCfg = Release|Any CPU
		{9617987E-7F01-461F-86A3-A965CD545F63}.Release|ARM.Build.0 = Release|Any CPU
		{9617987E-7F01-461F-86A3-A965CD545F63}.Release|ARM64.ActiveCfg = Release|Any CPU
		{9617987E-7F01-461F-86A3-A965CD545F63}.Release|ARM64.Build.0 = Release|Any CPU
		{9617987E-7F01-461F-86A3-A965CD545F63}.Release|x64.ActiveCfg = Release|Any CPU
		{9617987E-7F01-461F-86A3-A965CD545F63}.Release|x64.Build.0 = Release|Any CPU
		{9617987E-7F01-461F-86A3-A965CD545F63}.Release|x86.ActiveCfg = Release|Any CPU
		{9617987E-7F01-461F-86A3-A965CD545F63}.Release|x86.Build.0 = Release|Any CPU
	EndGlobalSection
	GlobalSection(SolutionProperties) = preSolution
		HideSolutionNode = FALSE
	EndGlobalSection
	GlobalSection(ExtensibilityGlobals) = postSolution
		SolutionGuid = {DC4154A2-8792-4880-9197-5B624C100DEE}
	EndGlobalSection
EndGlobal
